
Microsoft Visual Studio Solution File, Format Version 12.00
# Visual Studio 15
VisualStudioVersion = 15.0.26124.0
MinimumVisualStudioVersion = 15.0.26124.0
Project("{2150E333-8FDC-42A3-9474-1A3956D46DE8}") = "src", "src", "{253F026A-B34A-40AE-BC5E-B0547126F49D}"
EndProject
Project("{FAE04EC0-301F-11D3-BF4B-00C04F79EFBC}") = "psw.itms.api", "src\psw.itms.api\psw.itms.api.csproj", "{E4BF3970-442A-44AC-B15B-D45BAFFBC27D}"
EndProject
Project("{FAE04EC0-301F-11D3-BF4B-00C04F79EFBC}") = "psw.itms.data", "src\psw.itms.data\psw.itms.data.csproj", "{B76BE77F-B099-4A2A-A990-BF856F503D3E}"
EndProject
Project("{FAE04EC0-301F-11D3-BF4B-00C04F79EFBC}") = "psw.itms.data.sql", "src\psw.itms.data.sql\psw.itms.data.sql.csproj", "{4E616B91-96BE-4C03-95C0-47C127AA0E56}"
EndProject
Project("{FAE04EC0-301F-11D3-BF4B-00C04F79EFBC}") = "psw.itms.common", "src\psw.itms.common\psw.itms.common.csproj", "{EBD64B9F-7888-4C6D-94EF-998D478402F9}"
EndProject
Project("{FAE04EC0-301F-11D3-BF4B-00C04F79EFBC}") = "psw.itms.service", "src\psw.itms.service\psw.itms.service.csproj", "{3BF08397-515F-4A37-A840-420D57C5971A}"
EndProject
Project("{2150E333-8FDC-42A3-9474-1A3956D46DE8}") = "lib", "lib", "{F0F117F2-88E9-481D-A05B-109843BE2918}"
EndProject
Project("{2150E333-8FDC-42A3-9474-1A3956D46DE8}") = "librabbitmq", "librabbitmq", "{6A96BE8A-7249-4557-9FF6-BCAF9FBF931D}"
EndProject
Project("{2150E333-8FDC-42A3-9474-1A3956D46DE8}") = "src", "src", "{096BCCB3-FDCA-45B5-A8E9-ADD6F0C622D1}"
EndProject
Project("{FAE04EC0-301F-11D3-BF4B-00C04F79EFBC}") = "psw.rabbitmq", "lib\librabbitmq\src\psw.rabbitmq\psw.rabbitmq.csproj", "{CF4BA064-5A20-4210-9836-D4D9C5BD684D}"
EndProject
Project("{2150E333-8FDC-42A3-9474-1A3956D46DE8}") = "libconsul", "libconsul", "{1B64A881-CCB4-4701-984A-E746B5DEC803}"
EndProject
Project("{2150E333-8FDC-42A3-9474-1A3956D46DE8}") = "src", "src", "{21FBD0BA-C444-44E0-8953-27DD53622BFC}"
EndProject
Project("{FAE04EC0-301F-11D3-BF4B-00C04F79EFBC}") = "psw.lib.consul", "lib\libconsul\src\psw.lib.consul\psw.lib.consul.csproj", "{148C3B85-F11F-4E6A-8513-C622155B6FC0}"
EndProject
Global
	GlobalSection(SolutionConfigurationPlatforms) = preSolution
		Debug|Any CPU = Debug|Any CPU
		Debug|x64 = Debug|x64
		Debug|x86 = Debug|x86
		Release|Any CPU = Release|Any CPU
		Release|x64 = Release|x64
		Release|x86 = Release|x86
	EndGlobalSection
	GlobalSection(SolutionProperties) = preSolution
		HideSolutionNode = FALSE
	EndGlobalSection
	GlobalSection(ProjectConfigurationPlatforms) = postSolution
		{E4BF3970-442A-44AC-B15B-D45BAFFBC27D}.Debug|Any CPU.ActiveCfg = Debug|Any CPU
		{E4BF3970-442A-44AC-B15B-D45BAFFBC27D}.Debug|Any CPU.Build.0 = Debug|Any CPU
		{E4BF3970-442A-44AC-B15B-D45BAFFBC27D}.Debug|x64.ActiveCfg = Debug|Any CPU
		{E4BF3970-442A-44AC-B15B-D45BAFFBC27D}.Debug|x64.Build.0 = Debug|Any CPU
		{E4BF3970-442A-44AC-B15B-D45BAFFBC27D}.Debug|x86.ActiveCfg = Debug|Any CPU
		{E4BF3970-442A-44AC-B15B-D45BAFFBC27D}.Debug|x86.Build.0 = Debug|Any CPU
		{E4BF3970-442A-44AC-B15B-D45BAFFBC27D}.Release|Any CPU.ActiveCfg = Release|Any CPU
		{E4BF3970-442A-44AC-B15B-D45BAFFBC27D}.Release|Any CPU.Build.0 = Release|Any CPU
		{E4BF3970-442A-44AC-B15B-D45BAFFBC27D}.Release|x64.ActiveCfg = Release|Any CPU
		{E4BF3970-442A-44AC-B15B-D45BAFFBC27D}.Release|x64.Build.0 = Release|Any CPU
		{E4BF3970-442A-44AC-B15B-D45BAFFBC27D}.Release|x86.ActiveCfg = Release|Any CPU
		{E4BF3970-442A-44AC-B15B-D45BAFFBC27D}.Release|x86.Build.0 = Release|Any CPU
		{B76BE77F-B099-4A2A-A990-BF856F503D3E}.Debug|Any CPU.ActiveCfg = Debug|Any CPU
		{B76BE77F-B099-4A2A-A990-BF856F503D3E}.Debug|Any CPU.Build.0 = Debug|Any CPU
		{B76BE77F-B099-4A2A-A990-BF856F503D3E}.Debug|x64.ActiveCfg = Debug|Any CPU
		{B76BE77F-B099-4A2A-A990-BF856F503D3E}.Debug|x64.Build.0 = Debug|Any CPU
		{B76BE77F-B099-4A2A-A990-BF856F503D3E}.Debug|x86.ActiveCfg = Debug|Any CPU
		{B76BE77F-B099-4A2A-A990-BF856F503D3E}.Debug|x86.Build.0 = Debug|Any CPU
		{B76BE77F-B099-4A2A-A990-BF856F503D3E}.Release|Any CPU.ActiveCfg = Release|Any CPU
		{B76BE77F-B099-4A2A-A990-BF856F503D3E}.Release|Any CPU.Build.0 = Release|Any CPU
		{B76BE77F-B099-4A2A-A990-BF856F503D3E}.Release|x64.ActiveCfg = Release|Any CPU
		{B76BE77F-B099-4A2A-A990-BF856F503D3E}.Release|x64.Build.0 = Release|Any CPU
		{B76BE77F-B099-4A2A-A990-BF856F503D3E}.Release|x86.ActiveCfg = Release|Any CPU
		{B76BE77F-B099-4A2A-A990-BF856F503D3E}.Release|x86.Build.0 = Release|Any CPU
		{4E616B91-96BE-4C03-95C0-47C127AA0E56}.Debug|Any CPU.ActiveCfg = Debug|Any CPU
		{4E616B91-96BE-4C03-95C0-47C127AA0E56}.Debug|Any CPU.Build.0 = Debug|Any CPU
		{4E616B91-96BE-4C03-95C0-47C127AA0E56}.Debug|x64.ActiveCfg = Debug|Any CPU
		{4E616B91-96BE-4C03-95C0-47C127AA0E56}.Debug|x64.Build.0 = Debug|Any CPU
		{4E616B91-96BE-4C03-95C0-47C127AA0E56}.Debug|x86.ActiveCfg = Debug|Any CPU
		{4E616B91-96BE-4C03-95C0-47C127AA0E56}.Debug|x86.Build.0 = Debug|Any CPU
		{4E616B91-96BE-4C03-95C0-47C127AA0E56}.Release|Any CPU.ActiveCfg = Release|Any CPU
		{4E616B91-96BE-4C03-95C0-47C127AA0E56}.Release|Any CPU.Build.0 = Release|Any CPU
		{4E616B91-96BE-4C03-95C0-47C127AA0E56}.Release|x64.ActiveCfg = Release|Any CPU
		{4E616B91-96BE-4C03-95C0-47C127AA0E56}.Release|x64.Build.0 = Release|Any CPU
		{4E616B91-96BE-4C03-95C0-47C127AA0E56}.Release|x86.ActiveCfg = Release|Any CPU
		{4E616B91-96BE-4C03-95C0-47C127AA0E56}.Release|x86.Build.0 = Release|Any CPU
		{EBD64B9F-7888-4C6D-94EF-998D478402F9}.Debug|Any CPU.ActiveCfg = Debug|Any CPU
		{EBD64B9F-7888-4C6D-94EF-998D478402F9}.Debug|Any CPU.Build.0 = Debug|Any CPU
		{EBD64B9F-7888-4C6D-94EF-998D478402F9}.Debug|x64.ActiveCfg = Debug|Any CPU
		{EBD64B9F-7888-4C6D-94EF-998D478402F9}.Debug|x64.Build.0 = Debug|Any CPU
		{EBD64B9F-7888-4C6D-94EF-998D478402F9}.Debug|x86.ActiveCfg = Debug|Any CPU
		{EBD64B9F-7888-4C6D-94EF-998D478402F9}.Debug|x86.Build.0 = Debug|Any CPU
		{EBD64B9F-7888-4C6D-94EF-998D478402F9}.Release|Any CPU.ActiveCfg = Release|Any CPU
		{EBD64B9F-7888-4C6D-94EF-998D478402F9}.Release|Any CPU.Build.0 = Release|Any CPU
		{EBD64B9F-7888-4C6D-94EF-998D478402F9}.Release|x64.ActiveCfg = Release|Any CPU
		{EBD64B9F-7888-4C6D-94EF-998D478402F9}.Release|x64.Build.0 = Release|Any CPU
		{EBD64B9F-7888-4C6D-94EF-998D478402F9}.Release|x86.ActiveCfg = Release|Any CPU
		{EBD64B9F-7888-4C6D-94EF-998D478402F9}.Release|x86.Build.0 = Release|Any CPU
		{3BF08397-515F-4A37-A840-420D57C5971A}.Debug|Any CPU.ActiveCfg = Debug|Any CPU
		{3BF08397-515F-4A37-A840-420D57C5971A}.Debug|Any CPU.Build.0 = Debug|Any CPU
		{3BF08397-515F-4A37-A840-420D57C5971A}.Debug|x64.ActiveCfg = Debug|Any CPU
		{3BF08397-515F-4A37-A840-420D57C5971A}.Debug|x64.Build.0 = Debug|Any CPU
		{3BF08397-515F-4A37-A840-420D57C5971A}.Debug|x86.ActiveCfg = Debug|Any CPU
		{3BF08397-515F-4A37-A840-420D57C5971A}.Debug|x86.Build.0 = Debug|Any CPU
		{3BF08397-515F-4A37-A840-420D57C5971A}.Release|Any CPU.ActiveCfg = Release|Any CPU
		{3BF08397-515F-4A37-A840-420D57C5971A}.Release|Any CPU.Build.0 = Release|Any CPU
		{3BF08397-515F-4A37-A840-420D57C5971A}.Release|x64.ActiveCfg = Release|Any CPU
		{3BF08397-515F-4A37-A840-420D57C5971A}.Release|x64.Build.0 = Release|Any CPU
		{3BF08397-515F-4A37-A840-420D57C5971A}.Release|x86.ActiveCfg = Release|Any CPU
		{3BF08397-515F-4A37-A840-420D57C5971A}.Release|x86.Build.0 = Release|Any CPU
		{CF4BA064-5A20-4210-9836-D4D9C5BD684D}.Debug|Any CPU.ActiveCfg = Debug|Any CPU
		{CF4BA064-5A20-4210-9836-D4D9C5BD684D}.Debug|Any CPU.Build.0 = Debug|Any CPU
		{CF4BA064-5A20-4210-9836-D4D9C5BD684D}.Debug|x64.ActiveCfg = Debug|Any CPU
		{CF4BA064-5A20-4210-9836-D4D9C5BD684D}.Debug|x64.Build.0 = Debug|Any CPU
		{CF4BA064-5A20-4210-9836-D4D9C5BD684D}.Debug|x86.ActiveCfg = Debug|Any CPU
		{CF4BA064-5A20-4210-9836-D4D9C5BD684D}.Debug|x86.Build.0 = Debug|Any CPU
		{CF4BA064-5A20-4210-9836-D4D9C5BD684D}.Release|Any CPU.ActiveCfg = Release|Any CPU
		{CF4BA064-5A20-4210-9836-D4D9C5BD684D}.Release|Any CPU.Build.0 = Release|Any CPU
		{CF4BA064-5A20-4210-9836-D4D9C5BD684D}.Release|x64.ActiveCfg = Release|Any CPU
		{CF4BA064-5A20-4210-9836-D4D9C5BD684D}.Release|x64.Build.0 = Release|Any CPU
		{CF4BA064-5A20-4210-9836-D4D9C5BD684D}.Release|x86.ActiveCfg = Release|Any CPU
		{CF4BA064-5A20-4210-9836-D4D9C5BD684D}.Release|x86.Build.0 = Release|Any CPU
		{148C3B85-F11F-4E6A-8513-C622155B6FC0}.Debug|Any CPU.ActiveCfg = Debug|Any CPU
		{148C3B85-F11F-4E6A-8513-C622155B6FC0}.Debug|Any CPU.Build.0 = Debug|Any CPU
		{148C3B85-F11F-4E6A-8513-C622155B6FC0}.Debug|x64.ActiveCfg = Debug|Any CPU
		{148C3B85-F11F-4E6A-8513-C622155B6FC0}.Debug|x64.Build.0 = Debug|Any CPU
		{148C3B85-F11F-4E6A-8513-C622155B6FC0}.Debug|x86.ActiveCfg = Debug|Any CPU
		{148C3B85-F11F-4E6A-8513-C622155B6FC0}.Debug|x86.Build.0 = Debug|Any CPU
		{148C3B85-F11F-4E6A-8513-C622155B6FC0}.Release|Any CPU.ActiveCfg = Release|Any CPU
		{148C3B85-F11F-4E6A-8513-C622155B6FC0}.Release|Any CPU.Build.0 = Release|Any CPU
		{148C3B85-F11F-4E6A-8513-C622155B6FC0}.Release|x64.ActiveCfg = Release|Any CPU
		{148C3B85-F11F-4E6A-8513-C622155B6FC0}.Release|x64.Build.0 = Release|Any CPU
		{148C3B85-F11F-4E6A-8513-C622155B6FC0}.Release|x86.ActiveCfg = Release|Any CPU
		{148C3B85-F11F-4E6A-8513-C622155B6FC0}.Release|x86.Build.0 = Release|Any CPU
	EndGlobalSection
	GlobalSection(NestedProjects) = preSolution
		{E4BF3970-442A-44AC-B15B-D45BAFFBC27D} = {253F026A-B34A-40AE-BC5E-B0547126F49D}
		{B76BE77F-B099-4A2A-A990-BF856F503D3E} = {253F026A-B34A-40AE-BC5E-B0547126F49D}
		{4E616B91-96BE-4C03-95C0-47C127AA0E56} = {253F026A-B34A-40AE-BC5E-B0547126F49D}
		{EBD64B9F-7888-4C6D-94EF-998D478402F9} = {253F026A-B34A-40AE-BC5E-B0547126F49D}
		{3BF08397-515F-4A37-A840-420D57C5971A} = {253F026A-B34A-40AE-BC5E-B0547126F49D}
		{6A96BE8A-7249-4557-9FF6-BCAF9FBF931D} = {F0F117F2-88E9-481D-A05B-109843BE2918}
		{096BCCB3-FDCA-45B5-A8E9-ADD6F0C622D1} = {6A96BE8A-7249-4557-9FF6-BCAF9FBF931D}
		{CF4BA064-5A20-4210-9836-D4D9C5BD684D} = {096BCCB3-FDCA-45B5-A8E9-ADD6F0C622D1}
		{1B64A881-CCB4-4701-984A-E746B5DEC803} = {F0F117F2-88E9-481D-A05B-109843BE2918}
		{21FBD0BA-C444-44E0-8953-27DD53622BFC} = {1B64A881-CCB4-4701-984A-E746B5DEC803}
		{148C3B85-F11F-4E6A-8513-C622155B6FC0} = {21FBD0BA-C444-44E0-8953-27DD53622BFC}
	EndGlobalSection
EndGlobal
